Microsoft Visual Studio Solution File, Format Version 12.00
# Visual Studio Version 17
VisualStudioVersion = 17.5.2.0
MinimumVisualStudioVersion = 10.0.40219.1
Project("{FAE04EC0-301F-11D3-BF4B-00C04F79EFBC}") = "lodus", "lodus.csproj", "{F25F9BD5-2BDB-D099-B6B5-B4099FA39EDB}"
EndProject
Global
	GlobalSection(SolutionConfigurationPlatforms) = preSolution
		Debug|Any CPU = Debug|Any CPU
		Release|Any CPU = Release|Any CPU
	EndGlobalSection
	GlobalSection(ProjectConfigurationPlatforms) = postSolution
		{F25F9BD5-2BDB-D099-B6B5-B4099FA39EDB}.Debug|Any CPU.ActiveCfg = Debug|Any CPU
		{F25F9BD5-2BDB-D099-B6B5-B4099FA39EDB}.Debug|Any CPU.Build.0 = Debug|Any CPU
		{F25F9BD5-2BDB-D099-B6B5-B4099FA39EDB}.Release|Any CPU.ActiveCfg = Release|Any CPU
		{F25F9BD5-2BDB-D099-B6B5-B4099FA39EDB}.Release|Any CPU.Build.0 = Release|Any CPU
	EndGlobalSection
	GlobalSection(SolutionProperties) = preSolution
		HideSolutionNode = FALSE
	EndGlobalSection
	GlobalSection(ExtensibilityGlobals) = postSolution
		SolutionGuid = {D0BDC128-3DCE-4FE5-A812-710345670C81}
	EndGlobalSection
EndGlobal
